
Microsoft Visual Studio Solution File, Format Version 12.00
# Visual Studio 14
VisualStudioVersion = 14.0.25420.1
MinimumVisualStudioVersion = 10.0.40219.1
Project("{FAE04EC0-301F-11D3-BF4B-00C04F79EFBC}") = "Dakota.SignalR.Client", "Dakota.SignalR.Client\Dakota.SignalR.Client.csproj", "{79E3EFB3-3D75-42DA-B242-6A734977B3B7}"
EndProject
Project("{FAE04EC0-301F-11D3-BF4B-00C04F79EFBC}") = "Dakota.SignalR.Server", "Dakota.SignalR.Server\Dakota.SignalR.Server.csproj", "{77FA9CB9-0E56-45F4-A5A2-D8BE4726010B}"
EndProject
Global
	GlobalSection(SolutionConfigurationPlatforms) = preSolution
		Debug|Any CPU = Debug|Any CPU
		Release|Any CPU = Release|Any CPU
	EndGlobalSection
	GlobalSection(ProjectConfigurationPlatforms) = postSolution
		{79E3EFB3-3D75-42DA-B242-6A734977B3B7}.Debug|Any CPU.ActiveCfg = Debug|Any CPU
		{79E3EFB3-3D75-42DA-B242-6A734977B3B7}.Debug|Any CPU.Build.0 = Debug|Any CPU
		{79E3EFB3-3D75-42DA-B242-6A734977B3B7}.Release|Any CPU.ActiveCfg = Release|Any CPU
		{79E3EFB3-3D75-42DA-B242-6A734977B3B7}.Release|Any CPU.Build.0 = Release|Any CPU
		{77FA9CB9-0E56-45F4-A5A2-D8BE4726010B}.Debug|Any CPU.ActiveCfg = Debug|Any CPU
		{77FA9CB9-0E56-45F4-A5A2-D8BE4726010B}.Debug|Any CPU.Build.0 = Debug|Any CPU
		{77FA9CB9-0E56-45F4-A5A2-D8BE4726010B}.Release|Any CPU.ActiveCfg = Release|Any CPU
		{77FA9CB9-0E56-45F4-A5A2-D8BE4726010B}.Release|Any CPU.Build.0 = Release|Any CPU
	EndGlobalSection
	GlobalSection(SolutionProperties) = preSolution
		HideSolutionNode = FALSE
	EndGlobalSection
EndGlobal
